
Microsoft Visual Studio Solution File, Format Version 12.00
# Visual Studio Version 16
VisualStudioVersion = 16.0.31424.327
MinimumVisualStudioVersion = 10.0.40219.1
Project("{FAE04EC0-301F-11D3-BF4B-00C04F79EFBC}") = "MCSync", "MCSync\MCSync.csproj", "{DAE0B871-55A8-4B13-B121-273D19997C95}"
EndProject
Project("{FAE04EC0-301F-11D3-BF4B-00C04F79EFBC}") = "Updater", "Updater\Updater.csproj", "{D74B130D-EE74-42DD-BDC1-849A3A8C28FA}"
EndProject
Project("{FAE04EC0-301F-11D3-BF4B-00C04F79EFBC}") = "API-MCSync", "API-MCSync\API-MCSync.csproj", "{9F6CE355-57B9-4EF2-8BE2-80378207C036}"
EndProject
Project("{FAE04EC0-301F-11D3-BF4B-00C04F79EFBC}") = "OAuth", "OAuth\OAuth.csproj", "{1CD48F9B-7C73-4BEA-B025-9C3F3C2314F7}"
EndProject
Project("{FAE04EC0-301F-11D3-BF4B-00C04F79EFBC}") = "MesaSuite", "MesaSuite\MesaSuite.csproj", "{9B0D5023-8FBE-409D-B88E-6F9F38FAA0B5}"
EndProject
Project("{FAE04EC0-301F-11D3-BF4B-00C04F79EFBC}") = "MesaSuite.Common", "MesaSuite.Common\MesaSuite.Common.csproj", "{5894467E-F5D9-4AEA-91E3-07851FE3E722}"
EndProject
Project("{FAE04EC0-301F-11D3-BF4B-00C04F79EFBC}") = "SystemManagement", "SystemManagement\SystemManagement.csproj", "{7D2068C5-DF3C-4DE0-9F27-477D75B65FB6}"
EndProject
Project("{FAE04EC0-301F-11D3-BF4B-00C04F79EFBC}") = "API-System", "API-System\API-System.csproj", "{3D65607B-8F0D-47C1-8BAF-2B9E4A8C641E}"
EndProject
Project("{FAE04EC0-301F-11D3-BF4B-00C04F79EFBC}") = "API.Common", "OAuth.Common\API.Common.csproj", "{9EDE023B-B3E1-4E36-8915-57D51D73B16E}"
EndProject
Project("{FAE04EC0-301F-11D3-BF4B-00C04F79EFBC}") = "MesaSuite.Tests", "MesaSuite.Tests\MesaSuite.Tests.csproj", "{B729F9CA-9458-4236-A6DE-0F6C8996B9A6}"
EndProject
Project("{FAE04EC0-301F-11D3-BF4B-00C04F79EFBC}") = "RunUnitTests", "RunUnitTests\RunUnitTests.csproj", "{5A0D734D-D30C-44F4-B3CF-B902ECF3A4EB}"
EndProject
Project("{FAE04EC0-301F-11D3-BF4B-00C04F79EFBC}") = "ReleaseUtility", "ReleaseUtility\ReleaseUtility.csproj", "{610631E5-42DF-4E34-9D0D-F07AC76CC962}"
EndProject
Project("{FAE04EC0-301F-11D3-BF4B-00C04F79EFBC}") = "ObjectBasedFramework", "ObjectBasedFramework\ObjectBasedFramework.csproj", "{C3348C55-B43C-4BE2-9A68-32AD56088619}"
EndProject
Project("{FAE04EC0-301F-11D3-BF4B-00C04F79EFBC}") = "Base", "Base\Base.csproj", "{0784AD76-4A1F-4B28-9FE9-90C006ECBA82}"
EndProject
Project("{FAE04EC0-301F-11D3-BF4B-00C04F79EFBC}") = "SqlServerProvider", "SqlServerProvider\SqlServerProvider.csproj", "{CEC532AC-F719-4BDB-A537-F192EF8C3E15}"
EndProject
Project("{FAE04EC0-301F-11D3-BF4B-00C04F79EFBC}") = "WebModels", "WebModels\WebModels.csproj", "{159F54B6-1641-4B7D-B7B2-4417492DBCD1}"
EndProject
Project("{FAE04EC0-301F-11D3-BF4B-00C04F79EFBC}") = "Sandbox", "Sandbox\Sandbox.csproj", "{88FDA519-A1B5-4706-B148-24D0E3E2BFDB}"
EndProject
Project("{FAE04EC0-301F-11D3-BF4B-00C04F79EFBC}") = "WebModels.Tests", "WebModels.Tests\WebModels.Tests.csproj", "{39D7AA89-AEAE-4512-B14D-7F0DAA0C1AB9}"
EndProject
Project("{FAE04EC0-301F-11D3-BF4B-00C04F79EFBC}") = "CompanyStudio", "CompanyStudio\CompanyStudio.csproj", "{958B665B-0BED-4A1C-80D1-4FCC0DD861B7}"
EndProject
Project("{FAE04EC0-301F-11D3-BF4B-00C04F79EFBC}") = "API-Company", "API-Company\API-Company.csproj", "{FFC6F3E1-9AB0-4387-A007-B5061C52A923}"
EndProject
Project("{FAE04EC0-301F-11D3-BF4B-00C04F79EFBC}") = "DevTools", "DevTools\DevTools.csproj", "{88F75682-6D34-417A-9C7F-F5C5FCBF5DEA}"
EndProject
Project("{FAE04EC0-301F-11D3-BF4B-00C04F79EFBC}") = "MesaService", "MesaService\MesaService.csproj", "{EE8DD0DB-6423-4873-8504-29EB0F82F996}"
EndProject
Global
	GlobalSection(SolutionConfigurationPlatforms) = preSolution
		Debug|Any CPU = Debug|Any CPU
		Debug|x86 = Debug|x86
		Release|Any CPU = Release|Any CPU
		Release|x86 = Release|x86
	EndGlobalSection
	GlobalSection(ProjectConfigurationPlatforms) = postSolution
		{DAE0B871-55A8-4B13-B121-273D19997C95}.Debug|Any CPU.ActiveCfg = Debug|Any CPU
		{DAE0B871-55A8-4B13-B121-273D19997C95}.Debug|Any CPU.Build.0 = Debug|Any CPU
		{DAE0B871-55A8-4B13-B121-273D19997C95}.Debug|x86.ActiveCfg = Debug|Any CPU
		{DAE0B871-55A8-4B13-B121-273D19997C95}.Debug|x86.Build.0 = Debug|Any CPU
		{DAE0B871-55A8-4B13-B121-273D19997C95}.Release|Any CPU.ActiveCfg = Release|Any CPU
		{DAE0B871-55A8-4B13-B121-273D19997C95}.Release|Any CPU.Build.0 = Release|Any CPU
		{DAE0B871-55A8-4B13-B121-273D19997C95}.Release|x86.ActiveCfg = Release|Any CPU
		{DAE0B871-55A8-4B13-B121-273D19997C95}.Release|x86.Build.0 = Release|Any CPU
		{D74B130D-EE74-42DD-BDC1-849A3A8C28FA}.Debug|Any CPU.ActiveCfg = Debug|Any CPU
		{D74B130D-EE74-42DD-BDC1-849A3A8C28FA}.Debug|Any CPU.Build.0 = Debug|Any CPU
		{D74B130D-EE74-42DD-BDC1-849A3A8C28FA}.Debug|x86.ActiveCfg = Debug|Any CPU
		{D74B130D-EE74-42DD-BDC1-849A3A8C28FA}.Debug|x86.Build.0 = Debug|Any CPU
		{D74B130D-EE74-42DD-BDC1-849A3A8C28FA}.Release|Any CPU.ActiveCfg = Release|Any CPU
		{D74B130D-EE74-42DD-BDC1-849A3A8C28FA}.Release|Any CPU.Build.0 = Release|Any CPU
		{D74B130D-EE74-42DD-BDC1-849A3A8C28FA}.Release|x86.ActiveCfg = Release|Any CPU
		{D74B130D-EE74-42DD-BDC1-849A3A8C28FA}.Release|x86.Build.0 = Release|Any CPU
		{9F6CE355-57B9-4EF2-8BE2-80378207C036}.Debug|Any CPU.ActiveCfg = Debug|Any CPU
		{9F6CE355-57B9-4EF2-8BE2-80378207C036}.Debug|Any CPU.Build.0 = Debug|Any CPU
		{9F6CE355-57B9-4EF2-8BE2-80378207C036}.Debug|x86.ActiveCfg = Debug|Any CPU
		{9F6CE355-57B9-4EF2-8BE2-80378207C036}.Debug|x86.Build.0 = Debug|Any CPU
		{9F6CE355-57B9-4EF2-8BE2-80378207C036}.Release|Any CPU.ActiveCfg = Release|Any CPU
		{9F6CE355-57B9-4EF2-8BE2-80378207C036}.Release|Any CPU.Build.0 = Release|Any CPU
		{9F6CE355-57B9-4EF2-8BE2-80378207C036}.Release|x86.ActiveCfg = Release|Any CPU
		{9F6CE355-57B9-4EF2-8BE2-80378207C036}.Release|x86.Build.0 = Release|Any CPU
		{1CD48F9B-7C73-4BEA-B025-9C3F3C2314F7}.Debug|Any CPU.ActiveCfg = Debug|Any CPU
		{1CD48F9B-7C73-4BEA-B025-9C3F3C2314F7}.Debug|Any CPU.Build.0 = Debug|Any CPU
		{1CD48F9B-7C73-4BEA-B025-9C3F3C2314F7}.Debug|x86.ActiveCfg = Debug|Any CPU
		{1CD48F9B-7C73-4BEA-B025-9C3F3C2314F7}.Debug|x86.Build.0 = Debug|Any CPU
		{1CD48F9B-7C73-4BEA-B025-9C3F3C2314F7}.Release|Any CPU.ActiveCfg = Release|Any CPU
		{1CD48F9B-7C73-4BEA-B025-9C3F3C2314F7}.Release|Any CPU.Build.0 = Release|Any CPU
		{1CD48F9B-7C73-4BEA-B025-9C3F3C2314F7}.Release|x86.ActiveCfg = Release|Any CPU
		{1CD48F9B-7C73-4BEA-B025-9C3F3C2314F7}.Release|x86.Build.0 = Release|Any CPU
		{9B0D5023-8FBE-409D-B88E-6F9F38FAA0B5}.Debug|Any CPU.ActiveCfg = Debug|Any CPU
		{9B0D5023-8FBE-409D-B88E-6F9F38FAA0B5}.Debug|Any CPU.Build.0 = Debug|Any CPU
		{9B0D5023-8FBE-409D-B88E-6F9F38FAA0B5}.Debug|x86.ActiveCfg = Debug|Any CPU
		{9B0D5023-8FBE-409D-B88E-6F9F38FAA0B5}.Debug|x86.Build.0 = Debug|Any CPU
		{9B0D5023-8FBE-409D-B88E-6F9F38FAA0B5}.Release|Any CPU.ActiveCfg = Release|Any CPU
		{9B0D5023-8FBE-409D-B88E-6F9F38FAA0B5}.Release|Any CPU.Build.0 = Release|Any CPU
		{9B0D5023-8FBE-409D-B88E-6F9F38FAA0B5}.Release|x86.ActiveCfg = Release|Any CPU
		{9B0D5023-8FBE-409D-B88E-6F9F38FAA0B5}.Release|x86.Build.0 = Release|Any CPU
		{5894467E-F5D9-4AEA-91E3-07851FE3E722}.Debug|Any CPU.ActiveCfg = Debug|Any CPU
		{5894467E-F5D9-4AEA-91E3-07851FE3E722}.Debug|Any CPU.Build.0 = Debug|Any CPU
		{5894467E-F5D9-4AEA-91E3-07851FE3E722}.Debug|x86.ActiveCfg = Debug|Any CPU
		{5894467E-F5D9-4AEA-91E3-07851FE3E722}.Debug|x86.Build.0 = Debug|Any CPU
		{5894467E-F5D9-4AEA-91E3-07851FE3E722}.Release|Any CPU.ActiveCfg = Release|Any CPU
		{5894467E-F5D9-4AEA-91E3-07851FE3E722}.Release|Any CPU.Build.0 = Release|Any CPU
		{5894467E-F5D9-4AEA-91E3-07851FE3E722}.Release|x86.ActiveCfg = Release|Any CPU
		{5894467E-F5D9-4AEA-91E3-07851FE3E722}.Release|x86.Build.0 = Release|Any CPU
		{7D2068C5-DF3C-4DE0-9F27-477D75B65FB6}.Debug|Any CPU.ActiveCfg = Debug|Any CPU
		{7D2068C5-DF3C-4DE0-9F27-477D75B65FB6}.Debug|Any CPU.Build.0 = Debug|Any CPU
		{7D2068C5-DF3C-4DE0-9F27-477D75B65FB6}.Debug|x86.ActiveCfg = Debug|Any CPU
		{7D2068C5-DF3C-4DE0-9F27-477D75B65FB6}.Debug|x86.Build.0 = Debug|Any CPU
		{7D2068C5-DF3C-4DE0-9F27-477D75B65FB6}.Release|Any CPU.ActiveCfg = Release|Any CPU
		{7D2068C5-DF3C-4DE0-9F27-477D75B65FB6}.Release|Any CPU.Build.0 = Release|Any CPU
		{7D2068C5-DF3C-4DE0-9F27-477D75B65FB6}.Release|x86.ActiveCfg = Release|Any CPU
		{7D2068C5-DF3C-4DE0-9F27-477D75B65FB6}.Release|x86.Build.0 = Release|Any CPU
		{3D65607B-8F0D-47C1-8BAF-2B9E4A8C641E}.Debug|Any CPU.ActiveCfg = Debug|Any CPU
		{3D65607B-8F0D-47C1-8BAF-2B9E4A8C641E}.Debug|Any CPU.Build.0 = Debug|Any CPU
		{3D65607B-8F0D-47C1-8BAF-2B9E4A8C641E}.Debug|x86.ActiveCfg = Debug|Any CPU
		{3D65607B-8F0D-47C1-8BAF-2B9E4A8C641E}.Debug|x86.Build.0 = Debug|Any CPU
		{3D65607B-8F0D-47C1-8BAF-2B9E4A8C641E}.Release|Any CPU.ActiveCfg = Release|Any CPU
		{3D65607B-8F0D-47C1-8BAF-2B9E4A8C641E}.Release|Any CPU.Build.0 = Release|Any CPU
		{3D65607B-8F0D-47C1-8BAF-2B9E4A8C641E}.Release|x86.ActiveCfg = Release|Any CPU
		{3D65607B-8F0D-47C1-8BAF-2B9E4A8C641E}.Release|x86.Build.0 = Release|Any CPU
		{9EDE023B-B3E1-4E36-8915-57D51D73B16E}.Debug|Any CPU.ActiveCfg = Debug|Any CPU
		{9EDE023B-B3E1-4E36-8915-57D51D73B16E}.Debug|Any CPU.Build.0 = Debug|Any CPU
		{9EDE023B-B3E1-4E36-8915-57D51D73B16E}.Debug|x86.ActiveCfg = Debug|Any CPU
		{9EDE023B-B3E1-4E36-8915-57D51D73B16E}.Debug|x86.Build.0 = Debug|Any CPU
		{9EDE023B-B3E1-4E36-8915-57D51D73B16E}.Release|Any CPU.ActiveCfg = Release|Any CPU
		{9EDE023B-B3E1-4E36-8915-57D51D73B16E}.Release|Any CPU.Build.0 = Release|Any CPU
		{9EDE023B-B3E1-4E36-8915-57D51D73B16E}.Release|x86.ActiveCfg = Release|Any CPU
		{9EDE023B-B3E1-4E36-8915-57D51D73B16E}.Release|x86.Build.0 = Release|Any CPU
		{B729F9CA-9458-4236-A6DE-0F6C8996B9A6}.Debug|Any CPU.ActiveCfg = Debug|Any CPU
		{B729F9CA-9458-4236-A6DE-0F6C8996B9A6}.Debug|Any CPU.Build.0 = Debug|Any CPU
		{B729F9CA-9458-4236-A6DE-0F6C8996B9A6}.Debug|x86.ActiveCfg = Debug|Any CPU
		{B729F9CA-9458-4236-A6DE-0F6C8996B9A6}.Debug|x86.Build.0 = Debug|Any CPU
		{B729F9CA-9458-4236-A6DE-0F6C8996B9A6}.Release|Any CPU.ActiveCfg = Release|Any CPU
		{B729F9CA-9458-4236-A6DE-0F6C8996B9A6}.Release|Any CPU.Build.0 = Release|Any CPU
		{B729F9CA-9458-4236-A6DE-0F6C8996B9A6}.Release|x86.ActiveCfg = Release|Any CPU
		{B729F9CA-9458-4236-A6DE-0F6C8996B9A6}.Release|x86.Build.0 = Release|Any CPU
		{5A0D734D-D30C-44F4-B3CF-B902ECF3A4EB}.Debug|Any CPU.ActiveCfg = Debug|Any CPU
		{5A0D734D-D30C-44F4-B3CF-B902ECF3A4EB}.Debug|Any CPU.Build.0 = Debug|Any CPU
		{5A0D734D-D30C-44F4-B3CF-B902ECF3A4EB}.Debug|x86.ActiveCfg = Debug|Any CPU
		{5A0D734D-D30C-44F4-B3CF-B902ECF3A4EB}.Debug|x86.Build.0 = Debug|Any CPU
		{5A0D734D-D30C-44F4-B3CF-B902ECF3A4EB}.Release|Any CPU.ActiveCfg = Release|Any CPU
		{5A0D734D-D30C-44F4-B3CF-B902ECF3A4EB}.Release|Any CPU.Build.0 = Release|Any CPU
		{5A0D734D-D30C-44F4-B3CF-B902ECF3A4EB}.Release|x86.ActiveCfg = Release|Any CPU
		{5A0D734D-D30C-44F4-B3CF-B902ECF3A4EB}.Release|x86.Build.0 = Release|Any CPU
		{610631E5-42DF-4E34-9D0D-F07AC76CC962}.Debug|Any CPU.ActiveCfg = Debug|Any CPU
		{610631E5-42DF-4E34-9D0D-F07AC76CC962}.Debug|Any CPU.Build.0 = Debug|Any CPU
		{610631E5-42DF-4E34-9D0D-F07AC76CC962}.Debug|x86.ActiveCfg = Debug|Any CPU
		{610631E5-42DF-4E34-9D0D-F07AC76CC962}.Debug|x86.Build.0 = Debug|Any CPU
		{610631E5-42DF-4E34-9D0D-F07AC76CC962}.Release|Any CPU.ActiveCfg = Release|Any CPU
		{610631E5-42DF-4E34-9D0D-F07AC76CC962}.Release|Any CPU.Build.0 = Release|Any CPU
		{610631E5-42DF-4E34-9D0D-F07AC76CC962}.Release|x86.ActiveCfg = Release|Any CPU
		{610631E5-42DF-4E34-9D0D-F07AC76CC962}.Release|x86.Build.0 = Release|Any CPU
		{C3348C55-B43C-4BE2-9A68-32AD56088619}.Debug|Any CPU.ActiveCfg = Debug|Any CPU
		{C3348C55-B43C-4BE2-9A68-32AD56088619}.Debug|Any CPU.Build.0 = Debug|Any CPU
		{C3348C55-B43C-4BE2-9A68-32AD56088619}.Debug|x86.ActiveCfg = Debug|Any CPU
		{C3348C55-B43C-4BE2-9A68-32AD56088619}.Debug|x86.Build.0 = Debug|Any CPU
		{C3348C55-B43C-4BE2-9A68-32AD56088619}.Release|Any CPU.ActiveCfg = Release|Any CPU
		{C3348C55-B43C-4BE2-9A68-32AD56088619}.Release|Any CPU.Build.0 = Release|Any CPU
		{C3348C55-B43C-4BE2-9A68-32AD56088619}.Release|x86.ActiveCfg = Release|Any CPU
		{C3348C55-B43C-4BE2-9A68-32AD56088619}.Release|x86.Build.0 = Release|Any CPU
		{0784AD76-4A1F-4B28-9FE9-90C006ECBA82}.Debug|Any CPU.ActiveCfg = Debug|Any CPU
		{0784AD76-4A1F-4B28-9FE9-90C006ECBA82}.Debug|Any CPU.Build.0 = Debug|Any CPU
		{0784AD76-4A1F-4B28-9FE9-90C006ECBA82}.Debug|x86.ActiveCfg = Debug|Any CPU
		{0784AD76-4A1F-4B28-9FE9-90C006ECBA82}.Debug|x86.Build.0 = Debug|Any CPU
		{0784AD76-4A1F-4B28-9FE9-90C006ECBA82}.Release|Any CPU.ActiveCfg = Release|Any CPU
		{0784AD76-4A1F-4B28-9FE9-90C006ECBA82}.Release|Any CPU.Build.0 = Release|Any CPU
		{0784AD76-4A1F-4B28-9FE9-90C006ECBA82}.Release|x86.ActiveCfg = Release|Any CPU
		{0784AD76-4A1F-4B28-9FE9-90C006ECBA82}.Release|x86.Build.0 = Release|Any CPU
		{CEC532AC-F719-4BDB-A537-F192EF8C3E15}.Debug|Any CPU.ActiveCfg = Debug|Any CPU
		{CEC532AC-F719-4BDB-A537-F192EF8C3E15}.Debug|Any CPU.Build.0 = Debug|Any CPU
		{CEC532AC-F719-4BDB-A537-F192EF8C3E15}.Debug|x86.ActiveCfg = Debug|Any CPU
		{CEC532AC-F719-4BDB-A537-F192EF8C3E15}.Debug|x86.Build.0 = Debug|Any CPU
		{CEC532AC-F719-4BDB-A537-F192EF8C3E15}.Release|Any CPU.ActiveCfg = Release|Any CPU
		{CEC532AC-F719-4BDB-A537-F192EF8C3E15}.Release|Any CPU.Build.0 = Release|Any CPU
		{CEC532AC-F719-4BDB-A537-F192EF8C3E15}.Release|x86.ActiveCfg = Release|Any CPU
		{CEC532AC-F719-4BDB-A537-F192EF8C3E15}.Release|x86.Build.0 = Release|Any CPU
		{159F54B6-1641-4B7D-B7B2-4417492DBCD1}.Debug|Any CPU.ActiveCfg = Debug|Any CPU
		{159F54B6-1641-4B7D-B7B2-4417492DBCD1}.Debug|Any CPU.Build.0 = Debug|Any CPU
		{159F54B6-1641-4B7D-B7B2-4417492DBCD1}.Debug|x86.ActiveCfg = Debug|Any CPU
		{159F54B6-1641-4B7D-B7B2-4417492DBCD1}.Debug|x86.Build.0 = Debug|Any CPU
		{159F54B6-1641-4B7D-B7B2-4417492DBCD1}.Release|Any CPU.ActiveCfg = Release|Any CPU
		{159F54B6-1641-4B7D-B7B2-4417492DBCD1}.Release|Any CPU.Build.0 = Release|Any CPU
		{159F54B6-1641-4B7D-B7B2-4417492DBCD1}.Release|x86.ActiveCfg = Release|Any CPU
		{159F54B6-1641-4B7D-B7B2-4417492DBCD1}.Release|x86.Build.0 = Release|Any CPU
		{88FDA519-A1B5-4706-B148-24D0E3E2BFDB}.Debug|Any CPU.ActiveCfg = Debug|Any CPU
		{88FDA519-A1B5-4706-B148-24D0E3E2BFDB}.Debug|Any CPU.Build.0 = Debug|Any CPU
		{88FDA519-A1B5-4706-B148-24D0E3E2BFDB}.Debug|x86.ActiveCfg = Debug|Any CPU
		{88FDA519-A1B5-4706-B148-24D0E3E2BFDB}.Debug|x86.Build.0 = Debug|Any CPU
		{88FDA519-A1B5-4706-B148-24D0E3E2BFDB}.Release|Any CPU.ActiveCfg = Release|Any CPU
		{88FDA519-A1B5-4706-B148-24D0E3E2BFDB}.Release|Any CPU.Build.0 = Release|Any CPU
		{88FDA519-A1B5-4706-B148-24D0E3E2BFDB}.Release|x86.ActiveCfg = Release|Any CPU
		{88FDA519-A1B5-4706-B148-24D0E3E2BFDB}.Release|x86.Build.0 = Release|Any CPU
		{39D7AA89-AEAE-4512-B14D-7F0DAA0C1AB9}.Debug|Any CPU.ActiveCfg = Debug|Any CPU
		{39D7AA89-AEAE-4512-B14D-7F0DAA0C1AB9}.Debug|Any CPU.Build.0 = Debug|Any CPU
		{39D7AA89-AEAE-4512-B14D-7F0DAA0C1AB9}.Debug|x86.ActiveCfg = Debug|Any CPU
		{39D7AA89-AEAE-4512-B14D-7F0DAA0C1AB9}.Debug|x86.Build.0 = Debug|Any CPU
		{39D7AA89-AEAE-4512-B14D-7F0DAA0C1AB9}.Release|Any CPU.ActiveCfg = Release|Any CPU
		{39D7AA89-AEAE-4512-B14D-7F0DAA0C1AB9}.Release|Any CPU.Build.0 = Release|Any CPU
		{39D7AA89-AEAE-4512-B14D-7F0DAA0C1AB9}.Release|x86.ActiveCfg = Release|Any CPU
		{39D7AA89-AEAE-4512-B14D-7F0DAA0C1AB9}.Release|x86.Build.0 = Release|Any CPU
		{958B665B-0BED-4A1C-80D1-4FCC0DD861B7}.Debug|Any CPU.ActiveCfg = Debug|Any CPU
		{958B665B-0BED-4A1C-80D1-4FCC0DD861B7}.Debug|Any CPU.Build.0 = Debug|Any CPU
		{958B665B-0BED-4A1C-80D1-4FCC0DD861B7}.Debug|x86.ActiveCfg = Debug|Any CPU
		{958B665B-0BED-4A1C-80D1-4FCC0DD861B7}.Debug|x86.Build.0 = Debug|Any CPU
		{958B665B-0BED-4A1C-80D1-4FCC0DD861B7}.Release|Any CPU.ActiveCfg = Release|Any CPU
		{958B665B-0BED-4A1C-80D1-4FCC0DD861B7}.Release|Any CPU.Build.0 = Release|Any CPU
		{958B665B-0BED-4A1C-80D1-4FCC0DD861B7}.Release|x86.ActiveCfg = Release|Any CPU
		{958B665B-0BED-4A1C-80D1-4FCC0DD861B7}.Release|x86.Build.0 = Release|Any CPU
		{FFC6F3E1-9AB0-4387-A007-B5061C52A923}.Debug|Any CPU.ActiveCfg = Debug|Any CPU
		{FFC6F3E1-9AB0-4387-A007-B5061C52A923}.Debug|Any CPU.Build.0 = Debug|Any CPU
		{FFC6F3E1-9AB0-4387-A007-B5061C52A923}.Debug|x86.ActiveCfg = Debug|Any CPU
		{FFC6F3E1-9AB0-4387-A007-B5061C52A923}.Debug|x86.Build.0 = Debug|Any CPU
		{FFC6F3E1-9AB0-4387-A007-B5061C52A923}.Release|Any CPU.ActiveCfg = Release|Any CPU
		{FFC6F3E1-9AB0-4387-A007-B5061C52A923}.Release|Any CPU.Build.0 = Release|Any CPU
		{FFC6F3E1-9AB0-4387-A007-B5061C52A923}.Release|x86.ActiveCfg = Release|Any CPU
		{FFC6F3E1-9AB0-4387-A007-B5061C52A923}.Release|x86.Build.0 = Release|Any CPU
		{88F75682-6D34-417A-9C7F-F5C5FCBF5DEA}.Debug|Any CPU.ActiveCfg = Debug|Any CPU
		{88F75682-6D34-417A-9C7F-F5C5FCBF5DEA}.Debug|Any CPU.Build.0 = Debug|Any CPU
		{88F75682-6D34-417A-9C7F-F5C5FCBF5DEA}.Debug|x86.ActiveCfg = Debug|Any CPU
		{88F75682-6D34-417A-9C7F-F5C5FCBF5DEA}.Debug|x86.Build.0 = Debug|Any CPU
		{88F75682-6D34-417A-9C7F-F5C5FCBF5DEA}.Release|Any CPU.ActiveCfg = Release|Any CPU
		{88F75682-6D34-417A-9C7F-F5C5FCBF5DEA}.Release|Any CPU.Build.0 = Release|Any CPU
		{88F75682-6D34-417A-9C7F-F5C5FCBF5DEA}.Release|x86.ActiveCfg = Release|Any CPU
		{88F75682-6D34-417A-9C7F-F5C5FCBF5DEA}.Release|x86.Build.0 = Release|Any CPU
		{EE8DD0DB-6423-4873-8504-29EB0F82F996}.Debug|Any CPU.ActiveCfg = Debug|Any CPU
		{EE8DD0DB-6423-4873-8504-29EB0F82F996}.Debug|Any CPU.Build.0 = Debug|Any CPU
		{EE8DD0DB-6423-4873-8504-29EB0F82F996}.Debug|x86.ActiveCfg = Debug|Any CPU
		{EE8DD0DB-6423-4873-8504-29EB0F82F996}.Debug|x86.Build.0 = Debug|Any CPU
		{EE8DD0DB-6423-4873-8504-29EB0F82F996}.Release|Any CPU.ActiveCfg = Release|Any CPU
		{EE8DD0DB-6423-4873-8504-29EB0F82F996}.Release|Any CPU.Build.0 = Release|Any CPU
		{EE8DD0DB-6423-4873-8504-29EB0F82F996}.Release|x86.ActiveCfg = Release|Any CPU
		{EE8DD0DB-6423-4873-8504-29EB0F82F996}.Release|x86.Build.0 = Release|Any CPU
	EndGlobalSection
	GlobalSection(SolutionProperties) = preSolution
		HideSolutionNode = FALSE
	EndGlobalSection
	GlobalSection(ExtensibilityGlobals) = postSolution
		SolutionGuid = {8C15C8F4-55FE-4A8B-BF57-ADC1F9405BE6}
	EndGlobalSection
EndGlobal
